
Microsoft Visual Studio Solution File, Format Version 12.00
# Visual Studio Version 17
VisualStudioVersion = 17.7.34221.43
MinimumVisualStudioVersion = 10.0.40219.1
Project("{FAE04EC0-301F-11D3-BF4B-00C04F79EFBC}") = "CalculatorApp", "CalculatorApp\CalculatorApp.csproj", "{B4AA65A5-4281-4333-A69B-6953B68369B9}"
EndProject
Project("{54435603-DBB4-11D2-8724-00A0C9A8B90C}") = "SetupCalculator", "SetupCalculator\SetupCalculator.vdproj", "{CC9C82EC-1ECB-4FE2-A9DA-FBA54B344A19}"
EndProject
Global
	GlobalSection(SolutionConfigurationPlatforms) = preSolution
		Debug|Any CPU = Debug|Any CPU
		Release|Any CPU = Release|Any CPU
	EndGlobalSection
	GlobalSection(ProjectConfigurationPlatforms) = postSolution
		{B4AA65A5-4281-4333-A69B-6953B68369B9}.Debug|Any CPU.ActiveCfg = Debug|Any CPU
		{B4AA65A5-4281-4333-A69B-6953B68369B9}.Debug|Any CPU.Build.0 = Debug|Any CPU
		{B4AA65A5-4281-4333-A69B-6953B68369B9}.Release|Any CPU.ActiveCfg = Release|Any CPU
		{B4AA65A5-4281-4333-A69B-6953B68369B9}.Release|Any CPU.Build.0 = Release|Any CPU
		{CC9C82EC-1ECB-4FE2-A9DA-FBA54B344A19}.Debug|Any CPU.ActiveCfg = Debug
		{CC9C82EC-1ECB-4FE2-A9DA-FBA54B344A19}.Release|Any CPU.ActiveCfg = Release
	EndGlobalSection
	GlobalSection(SolutionProperties) = preSolution
		HideSolutionNode = FALSE
	EndGlobalSection
	GlobalSection(ExtensibilityGlobals) = postSolution
		SolutionGuid = {A88053FF-FE90-4823-8617-74DBC5B813CD}
	EndGlobalSection
EndGlobal
